
Microsoft Visual Studio Solution File, Format Version 12.00
Project("{FAE04EC0-301F-11D3-BF4B-00C04F79EFBC}") = "ДЗ 26.08.2021", "ДЗ 26.08.2021\ДЗ 26.08.2021.csproj", "{118FF025-C4AA-4081-A29C-A014866D8FA3}"
EndProject
Global
	GlobalSection(SolutionConfigurationPlatforms) = preSolution
		Debug|Any CPU = Debug|Any CPU
		Release|Any CPU = Release|Any CPU
	EndGlobalSection
	GlobalSection(ProjectConfigurationPlatforms) = postSolution
		{118FF025-C4AA-4081-A29C-A014866D8FA3}.Debug|Any CPU.ActiveCfg = Debug|Any CPU
		{118FF025-C4AA-4081-A29C-A014866D8FA3}.Debug|Any CPU.Build.0 = Debug|Any CPU
		{118FF025-C4AA-4081-A29C-A014866D8FA3}.Release|Any CPU.ActiveCfg = Release|Any CPU
		{118FF025-C4AA-4081-A29C-A014866D8FA3}.Release|Any CPU.Build.0 = Release|Any CPU
	EndGlobalSection
EndGlobal
